
Microsoft Visual Studio Solution File, Format Version 12.00
# Visual Studio Version 17
VisualStudioVersion = 17.7.34024.191
MinimumVisualStudioVersion = 10.0.40219.1
Project("{9A19103F-16F7-4668-BE54-9A1E7A4F7556}") = "Projeto360.DAO", "Projeto360.DAO\Projeto360.DAO.csproj", "{0392C4FA-F42D-4246-8734-53F94F7A9C95}"
EndProject
Project("{9A19103F-16F7-4668-BE54-9A1E7A4F7556}") = "Projeto360.API", "Projeto360.API\Projeto360.API.csproj", "{4528F0B1-8985-440E-BC5A-F554B5EFF8B8}"
EndProject
Global
	GlobalSection(SolutionConfigurationPlatforms) = preSolution
		Debug|Any CPU = Debug|Any CPU
		Release|Any CPU = Release|Any CPU
	EndGlobalSection
	GlobalSection(ProjectConfigurationPlatforms) = postSolution
		{0392C4FA-F42D-4246-8734-53F94F7A9C95}.Debug|Any CPU.ActiveCfg = Debug|Any CPU
		{0392C4FA-F42D-4246-8734-53F94F7A9C95}.Debug|Any CPU.Build.0 = Debug|Any CPU
		{0392C4FA-F42D-4246-8734-53F94F7A9C95}.Release|Any CPU.ActiveCfg = Release|Any CPU
		{0392C4FA-F42D-4246-8734-53F94F7A9C95}.Release|Any CPU.Build.0 = Release|Any CPU
		{4528F0B1-8985-440E-BC5A-F554B5EFF8B8}.Debug|Any CPU.ActiveCfg = Debug|Any CPU
		{4528F0B1-8985-440E-BC5A-F554B5EFF8B8}.Debug|Any CPU.Build.0 = Debug|Any CPU
		{4528F0B1-8985-440E-BC5A-F554B5EFF8B8}.Release|Any CPU.ActiveCfg = Release|Any CPU
		{4528F0B1-8985-440E-BC5A-F554B5EFF8B8}.Release|Any CPU.Build.0 = Release|Any CPU
	EndGlobalSection
	GlobalSection(SolutionProperties) = preSolution
		HideSolutionNode = FALSE
	EndGlobalSection
	GlobalSection(ExtensibilityGlobals) = postSolution
		SolutionGuid = {9956D036-A390-4D76-899F-CA1E06FC7CDD}
	EndGlobalSection
EndGlobal
